
Microsoft Visual Studio Solution File, Format Version 12.00
# Visual Studio 2013
VisualStudioVersion = 12.0.31101.0
MinimumVisualStudioVersion = 10.0.40219.1
Project("{FAE04EC0-301F-11D3-BF4B-00C04F79EFBC}") = "1_foundamentals_ex2", "1_foundamentals_ex2\1_foundamentals_ex2.csproj", "{26C1A2AB-A3E8-4EF6-A896-176569FAC56A}"
EndProject
Project("{FAE04EC0-301F-11D3-BF4B-00C04F79EFBC}") = "Grades.Tests", "Grades.Tests\Grades.Tests.csproj", "{2829EAC4-C912-4591-B3B0-E49837AEC22B}"
EndProject
Global
	GlobalSection(SolutionConfigurationPlatforms) = preSolution
		Debug|Any CPU = Debug|Any CPU
		Release|Any CPU = Release|Any CPU
	EndGlobalSection
	GlobalSection(ProjectConfigurationPlatforms) = postSolution
		{26C1A2AB-A3E8-4EF6-A896-176569FAC56A}.Debug|Any CPU.ActiveCfg = Debug|Any CPU
		{26C1A2AB-A3E8-4EF6-A896-176569FAC56A}.Debug|Any CPU.Build.0 = Debug|Any CPU
		{26C1A2AB-A3E8-4EF6-A896-176569FAC56A}.Release|Any CPU.ActiveCfg = Release|Any CPU
		{26C1A2AB-A3E8-4EF6-A896-176569FAC56A}.Release|Any CPU.Build.0 = Release|Any CPU
		{2829EAC4-C912-4591-B3B0-E49837AEC22B}.Debug|Any CPU.ActiveCfg = Debug|Any CPU
		{2829EAC4-C912-4591-B3B0-E49837AEC22B}.Debug|Any CPU.Build.0 = Debug|Any CPU
		{2829EAC4-C912-4591-B3B0-E49837AEC22B}.Release|Any CPU.ActiveCfg = Release|Any CPU
		{2829EAC4-C912-4591-B3B0-E49837AEC22B}.Release|Any CPU.Build.0 = Release|Any CPU
	EndGlobalSection
	GlobalSection(SolutionProperties) = preSolution
		HideSolutionNode = FALSE
	EndGlobalSection
EndGlobal
